// !$*UTF8*$!
{
	archiveVersion = 1;
	classes = {
	};
	objectVersion = 56;
	objects = {

/* Begin PBXBuildFile section */
		093910FE2B33FE2500094992 /* ModeModel.swift in Sources */ = {isa = PBXBuildFile; fileRef = 093910FD2B33FE2500094992 /* ModeModel.swift */; };
		093911012B340CEE00094992 /* ToDoListMainView.swift in Sources */ = {isa = PBXBuildFile; fileRef = 093911002B340CEE00094992 /* ToDoListMainView.swift */; };
		093911042B340FAB00094992 /* GratitudeMainView.swift in Sources */ = {isa = PBXBuildFile; fileRef = 093911032B340FAB00094992 /* GratitudeMainView.swift */; };
		09C58E5D2B312F62005D1B6E /* MindfulnessPlusApp.swift in Sources */ = {isa = PBXBuildFile; fileRef = 09C58E5C2B312F62005D1B6E /* MindfulnessPlusApp.swift */; };
		09C58E5F2B312F62005D1B6E /* ContentView.swift in Sources */ = {isa = PBXBuildFile; fileRef = 09C58E5E2B312F62005D1B6E /* ContentView.swift */; };
		09C58E612B312F64005D1B6E /* Assets.xcassets in Resources */ = {isa = PBXBuildFile; fileRef = 09C58E602B312F64005D1B6E /* Assets.xcassets */; };
		09C58E642B312F64005D1B6E /* Preview Assets.xcassets in Resources */ = {isa = PBXBuildFile; fileRef = 09C58E632B312F64005D1B6E /* Preview Assets.xcassets */; };
		09C58E6F2B3130E9005D1B6E /* MainMenuView.swift in Sources */ = {isa = PBXBuildFile; fileRef = 09C58E6E2B3130E9005D1B6E /* MainMenuView.swift */; };
		09C58E722B316020005D1B6E /* HeaderView.swift in Sources */ = {isa = PBXBuildFile; fileRef = 09C58E712B316020005D1B6E /* HeaderView.swift */; };
		09C58E742B3165C9005D1B6E /* MainMenuButtonView.swift in Sources */ = {isa = PBXBuildFile; fileRef = 09C58E732B3165C9005D1B6E /* MainMenuButtonView.swift */; };
		09C83E9E2B7767D600897797 /* ToDoListAddView.swift in Sources */ = {isa = PBXBuildFile; fileRef = 09C83E9D2B7767D600897797 /* ToDoListAddView.swift */; };
		09C83EA12B777FD400897797 /* ToDoListItemModel.swift in Sources */ = {isa = PBXBuildFile; fileRef = 09C83EA02B777FD400897797 /* ToDoListItemModel.swift */; };
		09C83EA32B7780CD00897797 /* ToDoListItemRowView.swift in Sources */ = {isa = PBXBuildFile; fileRef = 09C83EA22B7780CD00897797 /* ToDoListItemRowView.swift */; };
		09C83EA62B77893400897797 /* ToDoListViewModel.swift in Sources */ = {isa = PBXBuildFile; fileRef = 09C83EA52B77893400897797 /* ToDoListViewModel.swift */; };
/* End PBXBuildFile section */

/* Begin PBXFileReference section */
		093910FD2B33FE2500094992 /* ModeModel.swift */ = {isa = PBXFileReference; lastKnownFileType = sourcecode.swift; path = ModeModel.swift; sourceTree = "<group>"; };
		093911002B340CEE00094992 /* ToDoListMainView.swift */ = {isa = PBXFileReference; lastKnownFileType = sourcecode.swift; path = ToDoListMainView.swift; sourceTree = "<group>"; };
		093911032B340FAB00094992 /* GratitudeMainView.swift */ = {isa = PBXFileReference; lastKnownFileType = sourcecode.swift; path = GratitudeMainView.swift; sourceTree = "<group>"; };
		09C58E592B312F62005D1B6E /* MindfulnessPlus.app */ = {isa = PBXFileReference; explicitFileType = wrapper.application; includeInIndex = 0; path = MindfulnessPlus.app; sourceTree = BUILT_PRODUCTS_DIR; };
		09C58E5C2B312F62005D1B6E /* MindfulnessPlusApp.swift */ = {isa = PBXFileReference; lastKnownFileType = sourcecode.swift; path = MindfulnessPlusApp.swift; sourceTree = "<group>"; };
		09C58E5E2B312F62005D1B6E /* ContentView.swift */ = {isa = PBXFileReference; lastKnownFileType = sourcecode.swift; path = ContentView.swift; sourceTree = "<group>"; };
		09C58E602B312F64005D1B6E /* Assets.xcassets */ = {isa = PBXFileReference; lastKnownFileType = folder.assetcatalog; path = Assets.xcassets; sourceTree = "<group>"; };
		09C58E632B312F64005D1B6E /* Preview Assets.xcassets */ = {isa = PBXFileReference; lastKnownFileType = folder.assetcatalog; path = "Preview Assets.xcassets"; sourceTree = "<group>"; };
		09C58E6E2B3130E9005D1B6E /* MainMenuView.swift */ = {isa = PBXFileReference; lastKnownFileType = sourcecode.swift; path = MainMenuView.swift; sourceTree = "<group>"; };
		09C58E712B316020005D1B6E /* HeaderView.swift */ = {isa = PBXFileReference; lastKnownFileType = sourcecode.swift; path = HeaderView.swift; sourceTree = "<group>"; };
		09C58E732B3165C9005D1B6E /* MainMenuButtonView.swift */ = {isa = PBXFileReference; lastKnownFileType = sourcecode.swift; path = MainMenuButtonView.swift; sourceTree = "<group>"; };
		09C83E9D2B7767D600897797 /* ToDoListAddView.swift */ = {isa = PBXFileReference; lastKnownFileType = sourcecode.swift; path = ToDoListAddView.swift; sourceTree = "<group>"; };
		09C83EA02B777FD400897797 /* ToDoListItemModel.swift */ = {isa = PBXFileReference; lastKnownFileType = sourcecode.swift; path = ToDoListItemModel.swift; sourceTree = "<group>"; };
		09C83EA22B7780CD00897797 /* ToDoListItemRowView.swift */ = {isa = PBXFileReference; lastKnownFileType = sourcecode.swift; path = ToDoListItemRowView.swift; sourceTree = "<group>"; };
		09C83EA52B77893400897797 /* ToDoListViewModel.swift */ = {isa = PBXFileReference; lastKnownFileType = sourcecode.swift; path = ToDoListViewModel.swift; sourceTree = "<group>"; };
/* End PBXFileReference section */

/* Begin PBXFrameworksBuildPhase section */
		09C58E562B312F62005D1B6E /* Frameworks */ = {
			isa = PBXFrameworksBuildPhase;
			buildActionMask = 2147483647;
			files = (
			);
			runOnlyForDeploymentPostprocessing = 0;
		};
/* End PBXFrameworksBuildPhase section */

/* Begin PBXGroup section */
		093910FC2B33FE0F00094992 /* MainMenu */ = {
			isa = PBXGroup;
			children = (
				093910FD2B33FE2500094992 /* ModeModel.swift */,
			);
			path = MainMenu;
			sourceTree = "<group>";
		};
		093910FF2B340CCD00094992 /* ToDoList */ = {
			isa = PBXGroup;
			children = (
				093911002B340CEE00094992 /* ToDoListMainView.swift */,
				09C83E9D2B7767D600897797 /* ToDoListAddView.swift */,
				09C83EA22B7780CD00897797 /* ToDoListItemRowView.swift */,
			);
			path = ToDoList;
			sourceTree = "<group>";
		};
		093911022B340F9700094992 /* Gratitude */ = {
			isa = PBXGroup;
			children = (
				093911032B340FAB00094992 /* GratitudeMainView.swift */,
			);
			path = Gratitude;
			sourceTree = "<group>";
		};
		09C58E502B312F62005D1B6E = {
			isa = PBXGroup;
			children = (
				09C58E5B2B312F62005D1B6E /* MindfulnessPlus */,
				09C58E5A2B312F62005D1B6E /* Products */,
			);
			sourceTree = "<group>";
		};
		09C58E5A2B312F62005D1B6E /* Products */ = {
			isa = PBXGroup;
			children = (
				09C58E592B312F62005D1B6E /* MindfulnessPlus.app */,
			);
			name = Products;
			sourceTree = "<group>";
		};
		09C58E5B2B312F62005D1B6E /* MindfulnessPlus */ = {
			isa = PBXGroup;
			children = (
				09C58E6D2B3130C9005D1B6E /* Other */,
				09C58E6C2B3130B7005D1B6E /* Models */,
				09C58E6B2B3130A8005D1B6E /* ViewModels */,
				09C58E6A2B31309A005D1B6E /* Views */,
				09C58E5E2B312F62005D1B6E /* ContentView.swift */,
				09C58E5C2B312F62005D1B6E /* MindfulnessPlusApp.swift */,
				09C58E602B312F64005D1B6E /* Assets.xcassets */,
				09C58E622B312F64005D1B6E /* Preview Content */,
			);
			path = MindfulnessPlus;
			sourceTree = "<group>";
		};
		09C58E622B312F64005D1B6E /* Preview Content */ = {
			isa = PBXGroup;
			children = (
				09C58E632B312F64005D1B6E /* Preview Assets.xcassets */,
			);
			path = "Preview Content";
			sourceTree = "<group>";
		};
		09C58E6A2B31309A005D1B6E /* Views */ = {
			isa = PBXGroup;
			children = (
				09FB14E12B351CBD000E7C8D /* Generic */,
				093911022B340F9700094992 /* Gratitude */,
				093910FF2B340CCD00094992 /* ToDoList */,
				09C58E702B314064005D1B6E /* MainMenu */,
			);
			path = Views;
			sourceTree = "<group>";
		};
		09C58E6B2B3130A8005D1B6E /* ViewModels */ = {
			isa = PBXGroup;
			children = (
				09C83EA42B77891900897797 /* ToDoList */,
			);
			path = ViewModels;
			sourceTree = "<group>";
		};
		09C58E6C2B3130B7005D1B6E /* Models */ = {
			isa = PBXGroup;
			children = (
				09C83E9F2B777FB100897797 /* ToDoLIst */,
				093910FC2B33FE0F00094992 /* MainMenu */,
			);
			path = Models;
			sourceTree = "<group>";
		};
		09C58E6D2B3130C9005D1B6E /* Other */ = {
			isa = PBXGroup;
			children = (
			);
			path = Other;
			sourceTree = "<group>";
		};
		09C58E702B314064005D1B6E /* MainMenu */ = {
			isa = PBXGroup;
			children = (
				09C58E6E2B3130E9005D1B6E /* MainMenuView.swift */,
				09C58E732B3165C9005D1B6E /* MainMenuButtonView.swift */,
			);
			path = MainMenu;
			sourceTree = "<group>";
		};
		09C83E9F2B777FB100897797 /* ToDoLIst */ = {
			isa = PBXGroup;
			children = (
				09C83EA02B777FD400897797 /* ToDoListItemModel.swift */,
			);
			path = ToDoLIst;
			sourceTree = "<group>";
		};
		09C83EA42B77891900897797 /* ToDoList */ = {
			isa = PBXGroup;
			children = (
				09C83EA52B77893400897797 /* ToDoListViewModel.swift */,
			);
			path = ToDoList;
			sourceTree = "<group>";
		};
		09FB14E12B351CBD000E7C8D /* Generic */ = {
			isa = PBXGroup;
			children = (
				09C58E712B316020005D1B6E /* HeaderView.swift */,
			);
			path = Generic;
			sourceTree = "<group>";
		};
/* End PBXGroup section */

/* Begin PBXNativeTarget section */
		09C58E582B312F62005D1B6E /* MindfulnessPlus */ = {
			isa = PBXNativeTarget;
			buildConfigurationList = 09C58E672B312F64005D1B6E /* Build configuration list for PBXNativeTarget "MindfulnessPlus" */;
			buildPhases = (
				09C58E552B312F62005D1B6E /* Sources */,
				09C58E562B312F62005D1B6E /* Frameworks */,
				09C58E572B312F62005D1B6E /* Resources */,
			);
			buildRules = (
			);
			dependencies = (
			);
			name = MindfulnessPlus;
			productName = MindfulnessPlus;
			productReference = 09C58E592B312F62005D1B6E /* MindfulnessPlus.app */;
			productType = "com.apple.product-type.application";
		};
/* End PBXNativeTarget section */

/* Begin PBXProject section */
		09C58E512B312F62005D1B6E /* Project object */ = {
			isa = PBXProject;
			attributes = {
				BuildIndependentTargetsInParallel = 1;
				LastSwiftUpdateCheck = 1510;
				LastUpgradeCheck = 1510;
				TargetAttributes = {
					09C58E582B312F62005D1B6E = {
						CreatedOnToolsVersion = 15.1;
					};
				};
			};
			buildConfigurationList = 09C58E542B312F62005D1B6E /* Build configuration list for PBXProject "MindfulnessPlus" */;
			compatibilityVersion = "Xcode 14.0";
			developmentRegion = en;
			hasScannedForEncodings = 0;
			knownRegions = (
				en,
				Base,
			);
			mainGroup = 09C58E502B312F62005D1B6E;
			productRefGroup = 09C58E5A2B312F62005D1B6E /* Products */;
			projectDirPath = "";
			projectRoot = "";
			targets = (
				09C58E582B312F62005D1B6E /* MindfulnessPlus */,
			);
		};
/* End PBXProject section */

/* Begin PBXResourcesBuildPhase section */
		09C58E572B312F62005D1B6E /* Resources */ = {
			isa = PBXResourcesBuildPhase;
			buildActionMask = 2147483647;
			files = (
				09C58E642B312F64005D1B6E /* Preview Assets.xcassets in Resources */,
				09C58E612B312F64005D1B6E /* Assets.xcassets in Resources */,
			);
			runOnlyForDeploymentPostprocessing = 0;
		};
/* End PBXResourcesBuildPhase section */

/* Begin PBXSourcesBuildPhase section */
		09C58E552B312F62005D1B6E /* Sources */ = {
			isa = PBXSourcesBuildPhase;
			buildActionMask = 2147483647;
			files = (
				09C83EA62B77893400897797 /* ToDoListViewModel.swift in Sources */,
				09C83EA12B777FD400897797 /* ToDoListItemModel.swift in Sources */,
				09C58E5F2B312F62005D1B6E /* ContentView.swift in Sources */,
				09C58E722B316020005D1B6E /* HeaderView.swift in Sources */,
				093911012B340CEE00094992 /* ToDoListMainView.swift in Sources */,
				093911042B340FAB00094992 /* GratitudeMainView.swift in Sources */,
				093910FE2B33FE2500094992 /* ModeModel.swift in Sources */,
				09C83EA32B7780CD00897797 /* ToDoListItemRowView.swift in Sources */,
				09C58E742B3165C9005D1B6E /* MainMenuButtonView.swift in Sources */,
				09C58E6F2B3130E9005D1B6E /* MainMenuView.swift in Sources */,
				09C58E5D2B312F62005D1B6E /* MindfulnessPlusApp.swift in Sources */,
				09C83E9E2B7767D600897797 /* ToDoListAddView.swift in Sources */,
			);
			runOnlyForDeploymentPostprocessing = 0;
		};
/* End PBXSourcesBuildPhase section */

/* Begin XCBuildConfiguration section */
		09C58E652B312F64005D1B6E /* Debug */ = {
			isa = XCBuildConfiguration;
			buildSettings = {
				ALWAYS_SEARCH_USER_PATHS = NO;
				ASSETCATALOG_COMPILER_GENERATE_SWIFT_ASSET_SYMBOL_EXTENSIONS = YES;
				CLANG_ANALYZER_NONNULL = YES;
				CLANG_ANALYZER_NUMBER_OBJECT_CONVERSION = YES_AGGRESSIVE;
				CLANG_CXX_LANGUAGE_STANDARD = "gnu++20";
				CLANG_ENABLE_MODULES = YES;
				CLANG_ENABLE_OBJC_ARC = YES;
				CLANG_ENABLE_OBJC_WEAK = YES;
				CLANG_WARN_BLOCK_CAPTURE_AUTORELEASING = YES;
				CLANG_WARN_BOOL_CONVERSION = YES;
				CLANG_WARN_COMMA = YES;
				CLANG_WARN_CONSTANT_CONVERSION = YES;
				CLANG_WARN_DEPRECATED_OBJC_IMPLEMENTATIONS = YES;
				CLANG_WARN_DIRECT_OBJC_ISA_USAGE = YES_ERROR;
				CLANG_WARN_DOCUMENTATION_COMMENTS = YES;
				CLANG_WARN_EMPTY_BODY = YES;
				CLANG_WARN_ENUM_CONVERSION = YES;
				CLANG_WARN_INFINITE_RECURSION = YES;
				CLANG_WARN_INT_CONVERSION = YES;
				CLANG_WARN_NON_LITERAL_NULL_CONVERSION = YES;
				CLANG_WARN_OBJC_IMPLICIT_RETAIN_SELF = YES;
				CLANG_WARN_OBJC_LITERAL_CONVERSION = YES;
				CLANG_WARN_OBJC_ROOT_CLASS = YES_ERROR;
				CLANG_WARN_QUOTED_INCLUDE_IN_FRAMEWORK_HEADER = YES;
				CLANG_WARN_RANGE_LOOP_ANALYSIS = YES;
				CLANG_WARN_STRICT_PROTOTYPES = YES;
				CLANG_WARN_SUSPICIOUS_MOVE = YES;
				CLANG_WARN_UNGUARDED_AVAILABILITY = YES_AGGRESSIVE;
				CLANG_WARN_UNREACHABLE_CODE = YES;
				CLANG_WARN__DUPLICATE_METHOD_MATCH = YES;
				COPY_PHASE_STRIP = NO;
				DEBUG_INFORMATION_FORMAT = dwarf;
				ENABLE_STRICT_OBJC_MSGSEND = YES;
				ENABLE_TESTABILITY = YES;
				ENABLE_USER_SCRIPT_SANDBOXING = YES;
				GCC_C_LANGUAGE_STANDARD = gnu17;
				GCC_DYNAMIC_NO_PIC = NO;
				GCC_NO_COMMON_BLOCKS = YES;
				GCC_OPTIMIZATION_LEVEL = 0;
				GCC_PREPROCESSOR_DEFINITIONS = (
					"DEBUG=1",
					"$(inherited)",
				);
				GCC_WARN_64_TO_32_BIT_CONVERSION = YES;
				GCC_WARN_ABOUT_RETURN_TYPE = YES_ERROR;
				GCC_WARN_UNDECLARED_SELECTOR = YES;
				GCC_WARN_UNINITIALIZED_AUTOS = YES_AGGRESSIVE;
				GCC_WARN_UNUSED_FUNCTION = YES;
				GCC_WARN_UNUSED_VARIABLE = YES;
				IPHONEOS_DEPLOYMENT_TARGET = 17.2;
				LOCALIZATION_PREFERS_STRING_CATALOGS = YES;
				MTL_ENABLE_DEBUG_INFO = INCLUDE_SOURCE;
				MTL_FAST_MATH = YES;
				ONLY_ACTIVE_ARCH = YES;
				SDKROOT = iphoneos;
				SWIFT_ACTIVE_COMPILATION_CONDITIONS = "DEBUG $(inherited)";
				SWIFT_OPTIMIZATION_LEVEL = "-Onone";
			};
			name = Debug;
		};
		09C58E662B312F64005D1B6E /* Release */ = {
			isa = XCBuildConfiguration;
			buildSettings = {
				ALWAYS_SEARCH_USER_PATHS = NO;
				ASSETCATALOG_COMPILER_GENERATE_SWIFT_ASSET_SYMBOL_EXTENSIONS = YES;
				CLANG_ANALYZER_NONNULL = YES;
				CLANG_ANALYZER_NUMBER_OBJECT_CONVERSION = YES_AGGRESSIVE;
				CLANG_CXX_LANGUAGE_STANDARD = "gnu++20";
				CLANG_ENABLE_MODULES = YES;
				CLANG_ENABLE_OBJC_ARC = YES;
				CLANG_ENABLE_OBJC_WEAK = YES;
				CLANG_WARN_BLOCK_CAPTURE_AUTORELEASING = YES;
				CLANG_WARN_BOOL_CONVERSION = YES;
				CLANG_WARN_COMMA = YES;
				CLANG_WARN_CONSTANT_CONVERSION = YES;
				CLANG_WARN_DEPRECATED_OBJC_IMPLEMENTATIONS = YES;
				CLANG_WARN_DIRECT_OBJC_ISA_USAGE = YES_ERROR;
				CLANG_WARN_DOCUMENTATION_COMMENTS = YES;
				CLANG_WARN_EMPTY_BODY = YES;
				CLANG_WARN_ENUM_CONVERSION = YES;
				CLANG_WARN_INFINITE_RECURSION = YES;
				CLANG_WARN_INT_CONVERSION = YES;
				CLANG_WARN_NON_LITERAL_NULL_CONVERSION = YES;
				CLANG_WARN_OBJC_IMPLICIT_RETAIN_SELF = YES;
				CLANG_WARN_OBJC_LITERAL_CONVERSION = YES;
				CLANG_WARN_OBJC_ROOT_CLASS = YES_ERROR;
				CLANG_WARN_QUOTED_INCLUDE_IN_FRAMEWORK_HEADER = YES;
				CLANG_WARN_RANGE_LOOP_ANALYSIS = YES;
				CLANG_WARN_STRICT_PROTOTYPES = YES;
				CLANG_WARN_SUSPICIOUS_MOVE = YES;
				CLANG_WARN_UNGUARDED_AVAILABILITY = YES_AGGRESSIVE;
				CLANG_WARN_UNREACHABLE_CODE = YES;
				CLANG_WARN__DUPLICATE_METHOD_MATCH = YES;
				COPY_PHASE_STRIP = NO;
				DEBUG_INFORMATION_FORMAT = "dwarf-with-dsym";
				ENABLE_NS_ASSERTIONS = NO;
				ENABLE_STRICT_OBJC_MSGSEND = YES;
				ENABLE_USER_SCRIPT_SANDBOXING = YES;
				GCC_C_LANGUAGE_STANDARD = gnu17;
				GCC_NO_COMMON_BLOCKS = YES;
				GCC_WARN_64_TO_32_BIT_CONVERSION = YES;
				GCC_WARN_ABOUT_RETURN_TYPE = YES_ERROR;
				GCC_WARN_UNDECLARED_SELECTOR = YES;
				GCC_WARN_UNINITIALIZED_AUTOS = YES_AGGRESSIVE;
				GCC_WARN_UNUSED_FUNCTION = YES;
				GCC_WARN_UNUSED_VARIABLE = YES;
				IPHONEOS_DEPLOYMENT_TARGET = 17.2;
				LOCALIZATION_PREFERS_STRING_CATALOGS = YES;
				MTL_ENABLE_DEBUG_INFO = NO;
				MTL_FAST_MATH = YES;
				SDKROOT = iphoneos;
				SWIFT_COMPILATION_MODE = wholemodule;
				VALIDATE_PRODUCT = YES;
			};
			name = Release;
		};
		09C58E682B312F64005D1B6E /* Debug */ = {
			isa = XCBuildConfiguration;
			buildSettings = {
				ASSETCATALOG_COMPILER_APPICON_NAME = AppIcon;
				ASSETCATALOG_COMPILER_GLOBAL_ACCENT_COLOR_NAME = AccentColor;
				CODE_SIGN_STYLE = Automatic;
				CURRENT_PROJECT_VERSION = 1;
				DEVELOPMENT_ASSET_PATHS = "\"MindfulnessPlus/Preview Content\"";
				DEVELOPMENT_TEAM = GRAGHB22XD;
				ENABLE_PREVIEWS = YES;
				GENERATE_INFOPLIST_FILE = YES;
				INFOPLIST_KEY_UIApplicationSceneManifest_Generation = YES;
				INFOPLIST_KEY_UIApplicationSupportsIndirectInputEvents = YES;
				INFOPLIST_KEY_UILaunchScreen_Generation = YES;
				INFOPLIST_KEY_UISupportedInterfaceOrientations_iPad = "UIInterfaceOrientationPortrait UIInterfaceOrientationPortraitUpsideDown UIInterfaceOrientationLandscapeLeft UIInterfaceOrientationLandscapeRight";
				INFOPLIST_KEY_UISupportedInterfaceOrientations_iPhone = "UIInterfaceOrientationPortrait UIInterfaceOrientationLandscapeLeft UIInterfaceOrientationLandscapeRight";
				LD_RUNPATH_SEARCH_PATHS = (
					"$(inherited)",
					"@executable_path/Frameworks",
				);
				MARKETING_VERSION = 1.0;
				PRODUCT_BUNDLE_IDENTIFIER = com.antonsimdyankin.MindfulnessPlus;
				PRODUCT_NAME = "$(TARGET_NAME)";
				SWIFT_EMIT_LOC_STRINGS = YES;
				SWIFT_VERSION = 5.0;
				TARGETED_DEVICE_FAMILY = "1,2";
			};
			name = Debug;
		};
		09C58E692B312F64005D1B6E /* Release */ = {
			isa = XCBuildConfiguration;
			buildSettings = {
				ASSETCATALOG_COMPILER_APPICON_NAME = AppIcon;
				ASSETCATALOG_COMPILER_GLOBAL_ACCENT_COLOR_NAME = AccentColor;
				CODE_SIGN_STYLE = Automatic;
				CURRENT_PROJECT_VERSION = 1;
				DEVELOPMENT_ASSET_PATHS = "\"MindfulnessPlus/Preview Content\"";
				DEVELOPMENT_TEAM = GRAGHB22XD;
				ENABLE_PREVIEWS = YES;
				GENERATE_INFOPLIST_FILE = YES;
				INFOPLIST_KEY_UIApplicationSceneManifest_Generation = YES;
				INFOPLIST_KEY_UIApplicationSupportsIndirectInputEvents = YES;
				INFOPLIST_KEY_UILaunchScreen_Generation = YES;
				INFOPLIST_KEY_UISupportedInterfaceOrientations_iPad = "UIInterfaceOrientationPortrait UIInterfaceOrientationPortraitUpsideDown UIInterfaceOrientationLandscapeLeft UIInterfaceOrientationLandscapeRight";
				INFOPLIST_KEY_UISupportedInterfaceOrientations_iPhone = "UIInterfaceOrientationPortrait UIInterfaceOrientationLandscapeLeft UIInterfaceOrientationLandscapeRight";
				LD_RUNPATH_SEARCH_PATHS = (
					"$(inherited)",
					"@executable_path/Frameworks",
				);
				MARKETING_VERSION = 1.0;
				PRODUCT_BUNDLE_IDENTIFIER = com.antonsimdyankin.MindfulnessPlus;
				PRODUCT_NAME = "$(TARGET_NAME)";
				SWIFT_EMIT_LOC_STRINGS = YES;
				SWIFT_VERSION = 5.0;
				TARGETED_DEVICE_FAMILY = "1,2";
			};
			name = Release;
		};
/* End XCBuildConfiguration section */

/* Begin XCConfigurationList section */
		09C58E542B312F62005D1B6E /* Build configuration list for PBXProject "MindfulnessPlus" */ = {
			isa = XCConfigurationList;
			buildConfigurations = (
				09C58E652B312F64005D1B6E /* Debug */,
				09C58E662B312F64005D1B6E /* Release */,
			);
			defaultConfigurationIsVisible = 0;
			defaultConfigurationName = Release;
		};
		09C58E672B312F64005D1B6E /* Build configuration list for PBXNativeTarget "MindfulnessPlus" */ = {
			isa = XCConfigurationList;
			buildConfigurations = (
				09C58E682B312F64005D1B6E /* Debug */,
				09C58E692B312F64005D1B6E /* Release */,
			);
			defaultConfigurationIsVisible = 0;
			defaultConfigurationName = Release;
		};
/* End XCConfigurationList section */
	};
	rootObject = 09C58E512B312F62005D1B6E /* Project object */;
}
